lockfileVersion: '6.0'

settings:
  autoInstallPeers: true
  excludeLinksFromLockfile: false

dependencies:
  '@benstack/toolkit':
    specifier: ^0.0.4
    version: 0.0.4
  lit:
    specifier: ^3.1.4
    version: 3.1.4
  ogl:
    specifier: ^1.0.7
    version: 1.0.7
  postprocessing:
    specifier: ^6.35.4
    version: 6.35.5(three@0.165.0)
  three:
    specifier: ^0.165.0
    version: 0.165.0

devDependencies:
  '@types/node':
    specifier: ^20.13.0
    version: 20.13.0
  '@types/three':
    specifier: ^0.165.0
    version: 0.165.0
  camera-controls:
    specifier: ^2.8.4
    version: 2.8.4(three@0.165.0)
  typescript:
    specifier: ^5.4.5
    version: 5.4.5

packages:

  /@benstack/toolkit@0.0.4:
    resolution: {integrity: sha512-1IGLCIWOps71dYjiguoOevTgJarY1KtZ2jztXn4Uhiz8kxLUXbM87HfSQSX6mTG51Za7Gb9FzSFZAlH091nwFA==}
    dev: false

  /@lit-labs/ssr-dom-shim@1.2.0:
    resolution: {integrity: sha512-yWJKmpGE6lUURKAaIltoPIE/wrbY3TEkqQt+X0m+7fQNnAv0keydnYvbiJFP1PnMhizmIWRWOG5KLhYyc/xl+g==}
    dev: false

  /@lit/reactive-element@2.0.4:
    resolution: {integrity: sha512-GFn91inaUa2oHLak8awSIigYz0cU0Payr1rcFsrkf5OJ5eSPxElyZfKh0f2p9FsTiZWXQdWGJeXZICEfXXYSXQ==}
    dependencies:
      '@lit-labs/ssr-dom-shim': 1.2.0
    dev: false

  /@tweenjs/tween.js@23.1.2:
    resolution: {integrity: sha512-kMCNaZCJugWI86xiEHaY338CU5JpD0B97p1j1IKNn/Zto8PgACjQx0UxbHjmOcLl/dDOBnItwD07KmCs75pxtQ==}
    dev: true

  /@types/node@20.13.0:
    resolution: {integrity: sha512-FM6AOb3khNkNIXPnHFDYaHerSv8uN22C91z098AnGccVu+Pcdhi+pNUFDi0iLmPIsVE0JBD0KVS7mzUYt4nRzQ==}
    dependencies:
      undici-types: 5.26.5
    dev: true

  /@types/stats.js@0.17.3:
    resolution: {integrity: sha512-pXNfAD3KHOdif9EQXZ9deK82HVNaXP5ZIF5RP2QG6OQFNTaY2YIetfrE9t528vEreGQvEPRDDc8muaoYeK0SxQ==}
    dev: true

  /@types/three@0.165.0:
    resolution: {integrity: sha512-AJK8JZAFNBF0kBXiAIl5pggYlzAGGA8geVYQXAcPCEDRbyA+oEjkpUBcJJrtNz6IiALwzGexFJGZG2yV3WsYBw==}
    dependencies:
      '@tweenjs/tween.js': 23.1.2
      '@types/stats.js': 0.17.3
      '@types/webxr': 0.5.16
      fflate: 0.8.2
      meshoptimizer: 0.18.1
    dev: true

  /@types/trusted-types@2.0.7:
    resolution: {integrity: sha512-ScaPdn1dQczgbl0QFTeTOmVHFULt394XJgOQNoyVhZ6r2vLnMLJfBPd53SB52T/3G36VI1/g2MZaX0cwDuXsfw==}
    dev: false

  /@types/webxr@0.5.16:
    resolution: {integrity: sha512-0E0Cl84FECtzrB4qG19TNTqpunw0F1YF0QZZnFMF6pDw1kNKJtrlTKlVB34stGIsHbZsYQ7H0tNjPfZftkHHoA==}
    dev: true

  /camera-controls@2.8.4(three@0.165.0):
    resolution: {integrity: sha512-pzVKpeZCRXIx2VOMB+E4OPjOhErHqhxrHYxcRLofOVgBeCeKSb8QAC2toc1onMllrxldRWXR8bl4K50hkrtwsg==}
    peerDependencies:
      three: '>=0.126.1'
    dependencies:
      three: 0.165.0
    dev: true

  /fflate@0.8.2:
    resolution: {integrity: sha512-cPJU47OaAoCbg0pBvzsgpTPhmhqI5eJjh/JIu8tPj5q+T7iLvW/JAYUqmE7KOB4R1ZyEhzBaIQpQpardBF5z8A==}
    dev: true

  /lit-element@4.0.6:
    resolution: {integrity: sha512-U4sdJ3CSQip7sLGZ/uJskO5hGiqtlpxndsLr6mt3IQIjheg93UKYeGQjWMRql1s/cXNOaRrCzC2FQwjIwSUqkg==}
    dependencies:
      '@lit-labs/ssr-dom-shim': 1.2.0
      '@lit/reactive-element': 2.0.4
      lit-html: 3.1.4
    dev: false

  /lit-html@3.1.4:
    resolution: {integrity: sha512-yKKO2uVv7zYFHlWMfZmqc+4hkmSbFp8jgjdZY9vvR9jr4J8fH6FUMXhr+ljfELgmjpvlF7Z1SJ5n5/Jeqtc9YA==}
    dependencies:
      '@types/trusted-types': 2.0.7
    dev: false

  /lit@3.1.4:
    resolution: {integrity: sha512-q6qKnKXHy2g1kjBaNfcoLlgbI3+aSOZ9Q4tiGa9bGYXq5RBXxkVTqTIVmP2VWMp29L4GyvCFm8ZQ2o56eUAMyA==}
    dependencies:
      '@lit/reactive-element': 2.0.4
      lit-element: 4.0.6
      lit-html: 3.1.4
    dev: false

  /meshoptimizer@0.18.1:
    resolution: {integrity: sha512-ZhoIoL7TNV4s5B6+rx5mC//fw8/POGyNxS/DZyCJeiZ12ScLfVwRE/GfsxwiTkMYYD5DmK2/JXnEVXqL4rF+Sw==}
    dev: true

  /ogl@1.0.7:
    resolution: {integrity: sha512-u6WBAdYcGntZvGWNz5A+Xol8kH0vYu8Ubqkw/JBDx4SUCe4Prwjarxe+BrGWypFh+BMiVJzUXgWZcv+dr1Od2Q==}
    dev: false

  /postprocessing@6.35.5(three@0.165.0):
    resolution: {integrity: sha512-nO8pxbiQT7+u3qv/q4LL1x6tstZWuduDlkOLFWQm3vFFKHzAsRMxqwsGAktkHKMSGXVEwTBvT3TKPklNALQheg==}
    engines: {node: '>= 0.13.2'}
    peerDependencies:
      three: '>= 0.152.0 < 0.166.0'
    dependencies:
      three: 0.165.0
    dev: false

  /three@0.165.0:
    resolution: {integrity: sha512-cc96IlVYGydeceu0e5xq70H8/yoVT/tXBxV/W8A/U6uOq7DXc4/s1Mkmnu6SqoYGhSRWWYFOhVwvq6V0VtbplA==}

  /typescript@5.4.5:
    resolution: {integrity: sha512-vcI4UpRgg81oIRUFwR0WSIHKt11nJ7SAVlYNIu+QpqeyXP+gpQJy/Z4+F0aGxSE4MqwjyXvW/TzgkLAx2AGHwQ==}
    engines: {node: '>=14.17'}
    hasBin: true
    dev: true

  /undici-types@5.26.5:
    resolution: {integrity: sha512-JlCMO+ehdEIKqlFxk6IfVoAUVmgz7cU7zD/h9XZ0qzeosSHmUJVOzSQvvYSYWXkFXC+IfLKSIffhv0sVZup6pA==}
    dev: true
